
Microsoft Visual Studio Solution File, Format Version 12.00
# Visual Studio 15
VisualStudioVersion = 15.0.28307.757
MinimumVisualStudioVersion = 10.0.40219.1
Project("{FAE04EC0-301F-11D3-BF4B-00C04F79EFBC}") = "WangJun.Job", "WangJun.Job\WangJun.Job.csproj", "{3068BAE0-AC5B-43F2-916C-C904E14286B0}"
EndProject
Project("{FAE04EC0-301F-11D3-BF4B-00C04F79EFBC}") = "WangJun.Common", "..\WangJunTuringAI2020\WangJun.Common\WangJun.Common.csproj", "{D2FE513E-355E-44BA-96FE-844970CF960D}"
EndProject
Project("{FAE04EC0-301F-11D3-BF4B-00C04F79EFBC}") = "WangJun.JobProcessor", "WangJun.JobProcessor\WangJun.JobProcessor.csproj", "{8B131B17-1E2F-448D-9B25-35FB69F86BD1}"
EndProject
Project("{FAE04EC0-301F-11D3-BF4B-00C04F79EFBC}") = "WangJun.Mail", "..\WangJunMail\WangJun.Mail\WangJun.Mail.csproj", "{A41F69D8-0E7A-4832-81E2-0280973EE1DE}"
EndProject
Global
	GlobalSection(SolutionConfigurationPlatforms) = preSolution
		Debug|Any CPU = Debug|Any CPU
		Release|Any CPU = Release|Any CPU
	EndGlobalSection
	GlobalSection(ProjectConfigurationPlatforms) = postSolution
		{3068BAE0-AC5B-43F2-916C-C904E14286B0}.Debug|Any CPU.ActiveCfg = Debug|Any CPU
		{3068BAE0-AC5B-43F2-916C-C904E14286B0}.Debug|Any CPU.Build.0 = Debug|Any CPU
		{3068BAE0-AC5B-43F2-916C-C904E14286B0}.Release|Any CPU.ActiveCfg = Release|Any CPU
		{3068BAE0-AC5B-43F2-916C-C904E14286B0}.Release|Any CPU.Build.0 = Release|Any CPU
		{D2FE513E-355E-44BA-96FE-844970CF960D}.Debug|Any CPU.ActiveCfg = Debug|Any CPU
		{D2FE513E-355E-44BA-96FE-844970CF960D}.Debug|Any CPU.Build.0 = Debug|Any CPU
		{D2FE513E-355E-44BA-96FE-844970CF960D}.Release|Any CPU.ActiveCfg = Release|Any CPU
		{D2FE513E-355E-44BA-96FE-844970CF960D}.Release|Any CPU.Build.0 = Release|Any CPU
		{8B131B17-1E2F-448D-9B25-35FB69F86BD1}.Debug|Any CPU.ActiveCfg = Debug|Any CPU
		{8B131B17-1E2F-448D-9B25-35FB69F86BD1}.Debug|Any CPU.Build.0 = Debug|Any CPU
		{8B131B17-1E2F-448D-9B25-35FB69F86BD1}.Release|Any CPU.ActiveCfg = Release|Any CPU
		{8B131B17-1E2F-448D-9B25-35FB69F86BD1}.Release|Any CPU.Build.0 = Release|Any CPU
		{A41F69D8-0E7A-4832-81E2-0280973EE1DE}.Debug|Any CPU.ActiveCfg = Debug|Any CPU
		{A41F69D8-0E7A-4832-81E2-0280973EE1DE}.Debug|Any CPU.Build.0 = Debug|Any CPU
		{A41F69D8-0E7A-4832-81E2-0280973EE1DE}.Release|Any CPU.ActiveCfg = Release|Any CPU
		{A41F69D8-0E7A-4832-81E2-0280973EE1DE}.Release|Any CPU.Build.0 = Release|Any CPU
	EndGlobalSection
	GlobalSection(SolutionProperties) = preSolution
		HideSolutionNode = FALSE
	EndGlobalSection
	GlobalSection(ExtensibilityGlobals) = postSolution
		SolutionGuid = {10F23FEF-7C7B-47DE-9E96-71C89ACAD8BB}
	EndGlobalSection
EndGlobal
